
Microsoft Visual Studio Solution File, Format Version 12.00
# Visual Studio Version 17
VisualStudioVersion = 17.0.31903.59
MinimumVisualStudioVersion = 10.0.40219.1
Project("{FAE04EC0-301F-11D3-BF4B-00C04F79EFBC}") = "UmbracoDemo.Web", "UmbracoDemo.Web\UmbracoDemo.Web.csproj", "{1C0950F3-4639-411B-98DB-26ED5F105B10}"
EndProject
Global
	GlobalSection(SolutionConfigurationPlatforms) = preSolution
		Debug|Any CPU = Debug|Any CPU
		Release|Any CPU = Release|Any CPU
	EndGlobalSection
	GlobalSection(ProjectConfigurationPlatforms) = postSolution
		{1C0950F3-4639-411B-98DB-26ED5F105B10}.Debug|Any CPU.ActiveCfg = Debug|Any CPU
		{1C0950F3-4639-411B-98DB-26ED5F105B10}.Debug|Any CPU.Build.0 = Debug|Any CPU
		{1C0950F3-4639-411B-98DB-26ED5F105B10}.Release|Any CPU.ActiveCfg = Release|Any CPU
		{1C0950F3-4639-411B-98DB-26ED5F105B10}.Release|Any CPU.Build.0 = Release|Any CPU
	EndGlobalSection
	GlobalSection(SolutionProperties) = preSolution
		HideSolutionNode = FALSE
	EndGlobalSection
	GlobalSection(ExtensibilityGlobals) = postSolution
		SolutionGuid = {D38DC96C-1B78-4F8F-A80B-0182CE8C048E}
	EndGlobalSection
EndGlobal
